// !$*UTF8*$!
{
	archiveVersion = 1;
	classes = {
	};
	objectVersion = 56;
	objects = {

/* Begin PBXBuildFile section */
		1EA6FF152A6EB74100C0DC48 /* Assets.xcassets in Resources */ = {isa = PBXBuildFile; fileRef = 1EA6FF0B2A6EB74100C0DC48 /* Assets.xcassets */; };
		1EA6FF162A6EB74100C0DC48 /* LaunchScreen.storyboard in Resources */ = {isa = PBXBuildFile; fileRef = 1EA6FF0C2A6EB74100C0DC48 /* LaunchScreen.storyboard */; };
		1EA6FF172A6EB74100C0DC48 /* Main.storyboard in Resources */ = {isa = PBXBuildFile; fileRef = 1EA6FF0E2A6EB74100C0DC48 /* Main.storyboard */; };
		1EA6FF182A6EB74100C0DC48 /* ViewController.swift in Sources */ = {isa = PBXBuildFile; fileRef = 1EA6FF112A6EB74100C0DC48 /* ViewController.swift */; };
		1EA6FF192A6EB74100C0DC48 /* AppDelegate.swift in Sources */ = {isa = PBXBuildFile; fileRef = 1EA6FF132A6EB74100C0DC48 /* AppDelegate.swift */; };
		1EA6FF1A2A6EB74100C0DC48 /* SceneDelegate.swift in Sources */ = {isa = PBXBuildFile; fileRef = 1EA6FF142A6EB74100C0DC48 /* SceneDelegate.swift */; };
		1EA6FF1D2A6F0D6000C0DC48 /* CategoryTableViewCell.swift in Sources */ = {isa = PBXBuildFile; fileRef = 1EA6FF1C2A6F0D6000C0DC48 /* CategoryTableViewCell.swift */; };
		1EA6FF202A6F0E3E00C0DC48 /* Category.swift in Sources */ = {isa = PBXBuildFile; fileRef = 1EA6FF1F2A6F0E3E00C0DC48 /* Category.swift */; };
		1EA6FF232A6F0F8000C0DC48 /* CategoryViewModel.swift in Sources */ = {isa = PBXBuildFile; fileRef = 1EA6FF222A6F0F8000C0DC48 /* CategoryViewModel.swift */; };
/* End PBXBuildFile section */

/* Begin PBXFileReference section */
		1EA6FEDB2A6EB08B00C0DC48 /* Joking-iOS.app */ = {isa = PBXFileReference; explicitFileType = wrapper.application; includeInIndex = 0; path = "Joking-iOS.app"; sourceTree = BUILT_PRODUCTS_DIR; };
		1EA6FEEC2A6EB08D00C0DC48 /* Info.plist */ = {isa = PBXFileReference; lastKnownFileType = text.plist.xml; path = Info.plist; sourceTree = "<group>"; };
		1EA6FF0B2A6EB74100C0DC48 /* Assets.xcassets */ = {isa = PBXFileReference; lastKnownFileType = folder.assetcatalog; path = Assets.xcassets; sourceTree = "<group>"; };
		1EA6FF0D2A6EB74100C0DC48 /* Base */ = {isa = PBXFileReference; lastKnownFileType = file.storyboard; name = Base; path = Base.lproj/LaunchScreen.storyboard; sourceTree = "<group>"; };
		1EA6FF0F2A6EB74100C0DC48 /* Base */ = {isa = PBXFileReference; lastKnownFileType = file.storyboard; name = Base; path = Base.lproj/Main.storyboard; sourceTree = "<group>"; };
		1EA6FF112A6EB74100C0DC48 /* ViewController.swift */ = {isa = PBXFileReference; fileEncoding = 4; lastKnownFileType = sourcecode.swift; path = ViewController.swift; sourceTree = "<group>"; };
		1EA6FF132A6EB74100C0DC48 /* AppDelegate.swift */ = {isa = PBXFileReference; fileEncoding = 4; lastKnownFileType = sourcecode.swift; path = AppDelegate.swift; sourceTree = "<group>"; };
		1EA6FF142A6EB74100C0DC48 /* SceneDelegate.swift */ = {isa = PBXFileReference; fileEncoding = 4; lastKnownFileType = sourcecode.swift; path = SceneDelegate.swift; sourceTree = "<group>"; };
		1EA6FF1C2A6F0D6000C0DC48 /* CategoryTableViewCell.swift */ = {isa = PBXFileReference; lastKnownFileType = sourcecode.swift; path = CategoryTableViewCell.swift; sourceTree = "<group>"; };
		1EA6FF1F2A6F0E3E00C0DC48 /* Category.swift */ = {isa = PBXFileReference; lastKnownFileType = sourcecode.swift; path = Category.swift; sourceTree = "<group>"; };
		1EA6FF222A6F0F8000C0DC48 /* CategoryViewModel.swift */ = {isa = PBXFileReference; lastKnownFileType = sourcecode.swift; path = CategoryViewModel.swift; sourceTree = "<group>"; };
/* End PBXFileReference section */

/* Begin PBXFrameworksBuildPhase section */
		1EA6FED82A6EB08B00C0DC48 /* Frameworks */ = {
			isa = PBXFrameworksBuildPhase;
			buildActionMask = 2147483647;
			files = (
			);
			runOnlyForDeploymentPostprocessing = 0;
		};
/* End PBXFrameworksBuildPhase section */

/* Begin PBXGroup section */
		1EA6FED22A6EB08B00C0DC48 = {
			isa = PBXGroup;
			children = (
				1EA6FEDD2A6EB08B00C0DC48 /* Joking-iOS */,
				1EA6FEDC2A6EB08B00C0DC48 /* Products */,
			);
			sourceTree = "<group>";
		};
		1EA6FEDC2A6EB08B00C0DC48 /* Products */ = {
			isa = PBXGroup;
			children = (
				1EA6FEDB2A6EB08B00C0DC48 /* Joking-iOS.app */,
			);
			name = Products;
			sourceTree = "<group>";
		};
		1EA6FEDD2A6EB08B00C0DC48 /* Joking-iOS */ = {
			isa = PBXGroup;
			children = (
				1EA6FF122A6EB74100C0DC48 /* AppDelegate */,
				1EA6FF0A2A6EB74100C0DC48 /* Resources */,
				1EA6FF102A6EB74100C0DC48 /* Source */,
				1EA6FEEC2A6EB08D00C0DC48 /* Info.plist */,
			);
			path = "Joking-iOS";
			sourceTree = "<group>";
		};
		1EA6FF0A2A6EB74100C0DC48 /* Resources */ = {
			isa = PBXGroup;
			children = (
				1EA6FF0B2A6EB74100C0DC48 /* Assets.xcassets */,
				1EA6FF0C2A6EB74100C0DC48 /* LaunchScreen.storyboard */,
				1EA6FF0E2A6EB74100C0DC48 /* Main.storyboard */,
			);
			path = Resources;
			sourceTree = "<group>";
		};
		1EA6FF102A6EB74100C0DC48 /* Source */ = {
			isa = PBXGroup;
			children = (
				1EA6FF1E2A6F0E3200C0DC48 /* Model */,
				1EA6FF212A6F0F6B00C0DC48 /* ViewModel */,
				1EA6FF1B2A6EFEFC00C0DC48 /* View */,
			);
			path = Source;
			sourceTree = "<group>";
		};
		1EA6FF122A6EB74100C0DC48 /* AppDelegate */ = {
			isa = PBXGroup;
			children = (
				1EA6FF132A6EB74100C0DC48 /* AppDelegate.swift */,
				1EA6FF142A6EB74100C0DC48 /* SceneDelegate.swift */,
			);
			path = AppDelegate;
			sourceTree = "<group>";
		};
		1EA6FF1B2A6EFEFC00C0DC48 /* View */ = {
			isa = PBXGroup;
			children = (
				1EA6FF252A6F116900C0DC48 /* Cell */,
				1EA6FF242A6F116000C0DC48 /* Controller */,
			);
			path = View;
			sourceTree = "<group>";
		};
		1EA6FF1E2A6F0E3200C0DC48 /* Model */ = {
			isa = PBXGroup;
			children = (
				1EA6FF1F2A6F0E3E00C0DC48 /* Category.swift */,
			);
			path = Model;
			sourceTree = "<group>";
		};
		1EA6FF212A6F0F6B00C0DC48 /* ViewModel */ = {
			isa = PBXGroup;
			children = (
				1EA6FF222A6F0F8000C0DC48 /* CategoryViewModel.swift */,
			);
			path = ViewModel;
			sourceTree = "<group>";
		};
		1EA6FF242A6F116000C0DC48 /* Controller */ = {
			isa = PBXGroup;
			children = (
				1EA6FF112A6EB74100C0DC48 /* ViewController.swift */,
			);
			path = Controller;
			sourceTree = "<group>";
		};
		1EA6FF252A6F116900C0DC48 /* Cell */ = {
			isa = PBXGroup;
			children = (
				1EA6FF1C2A6F0D6000C0DC48 /* CategoryTableViewCell.swift */,
			);
			path = Cell;
			sourceTree = "<group>";
		};
/* End PBXGroup section */

/* Begin PBXNativeTarget section */
		1EA6FEDA2A6EB08B00C0DC48 /* Joking-iOS */ = {
			isa = PBXNativeTarget;
			buildConfigurationList = 1EA6FEEF2A6EB08D00C0DC48 /* Build configuration list for PBXNativeTarget "Joking-iOS" */;
			buildPhases = (
				1EA6FED72A6EB08B00C0DC48 /* Sources */,
				1EA6FED82A6EB08B00C0DC48 /* Frameworks */,
				1EA6FED92A6EB08B00C0DC48 /* Resources */,
			);
			buildRules = (
			);
			dependencies = (
			);
			name = "Joking-iOS";
			productName = "Joking-iOS";
			productReference = 1EA6FEDB2A6EB08B00C0DC48 /* Joking-iOS.app */;
			productType = "com.apple.product-type.application";
		};
/* End PBXNativeTarget section */

/* Begin PBXProject section */
		1EA6FED32A6EB08B00C0DC48 /* Project object */ = {
			isa = PBXProject;
			attributes = {
				BuildIndependentTargetsInParallel = 1;
				LastSwiftUpdateCheck = 1430;
				LastUpgradeCheck = 1430;
				TargetAttributes = {
					1EA6FEDA2A6EB08B00C0DC48 = {
						CreatedOnToolsVersion = 14.3.1;
					};
				};
			};
			buildConfigurationList = 1EA6FED62A6EB08B00C0DC48 /* Build configuration list for PBXProject "Joking-iOS" */;
			compatibilityVersion = "Xcode 14.0";
			developmentRegion = en;
			hasScannedForEncodings = 0;
			knownRegions = (
				en,
				Base,
			);
			mainGroup = 1EA6FED22A6EB08B00C0DC48;
			productRefGroup = 1EA6FEDC2A6EB08B00C0DC48 /* Products */;
			projectDirPath = "";
			projectRoot = "";
			targets = (
				1EA6FEDA2A6EB08B00C0DC48 /* Joking-iOS */,
			);
		};
/* End PBXProject section */

/* Begin PBXResourcesBuildPhase section */
		1EA6FED92A6EB08B00C0DC48 /* Resources */ = {
			isa = PBXResourcesBuildPhase;
			buildActionMask = 2147483647;
			files = (
				1EA6FF152A6EB74100C0DC48 /* Assets.xcassets in Resources */,
				1EA6FF172A6EB74100C0DC48 /* Main.storyboard in Resources */,
				1EA6FF162A6EB74100C0DC48 /* LaunchScreen.storyboard in Resources */,
			);
			runOnlyForDeploymentPostprocessing = 0;
		};
/* End PBXResourcesBuildPhase section */

/* Begin PBXSourcesBuildPhase section */
		1EA6FED72A6EB08B00C0DC48 /* Sources */ = {
			isa = PBXSourcesBuildPhase;
			buildActionMask = 2147483647;
			files = (
				1EA6FF182A6EB74100C0DC48 /* ViewController.swift in Sources */,
				1EA6FF202A6F0E3E00C0DC48 /* Category.swift in Sources */,
				1EA6FF192A6EB74100C0DC48 /* AppDelegate.swift in Sources */,
				1EA6FF1A2A6EB74100C0DC48 /* SceneDelegate.swift in Sources */,
				1EA6FF232A6F0F8000C0DC48 /* CategoryViewModel.swift in Sources */,
				1EA6FF1D2A6F0D6000C0DC48 /* CategoryTableViewCell.swift in Sources */,
			);
			runOnlyForDeploymentPostprocessing = 0;
		};
/* End PBXSourcesBuildPhase section */

/* Begin PBXVariantGroup section */
		1EA6FF0C2A6EB74100C0DC48 /* LaunchScreen.storyboard */ = {
			isa = PBXVariantGroup;
			children = (
				1EA6FF0D2A6EB74100C0DC48 /* Base */,
			);
			name = LaunchScreen.storyboard;
			sourceTree = "<group>";
		};
		1EA6FF0E2A6EB74100C0DC48 /* Main.storyboard */ = {
			isa = PBXVariantGroup;
			children = (
				1EA6FF0F2A6EB74100C0DC48 /* Base */,
			);
			name = Main.storyboard;
			sourceTree = "<group>";
		};
/* End PBXVariantGroup section */

/* Begin XCBuildConfiguration section */
		1EA6FEED2A6EB08D00C0DC48 /* Debug */ = {
			isa = XCBuildConfiguration;
			buildSettings = {
				ALWAYS_SEARCH_USER_PATHS = NO;
				CLANG_ANALYZER_NONNULL = YES;
				CLANG_ANALYZER_NUMBER_OBJECT_CONVERSION = YES_AGGRESSIVE;
				CLANG_CXX_LANGUAGE_STANDARD = "gnu++20";
				CLANG_ENABLE_MODULES = YES;
				CLANG_ENABLE_OBJC_ARC = YES;
				CLANG_ENABLE_OBJC_WEAK = YES;
				CLANG_WARN_BLOCK_CAPTURE_AUTORELEASING = YES;
				CLANG_WARN_BOOL_CONVERSION = YES;
				CLANG_WARN_COMMA = YES;
				CLANG_WARN_CONSTANT_CONVERSION = YES;
				CLANG_WARN_DEPRECATED_OBJC_IMPLEMENTATIONS = YES;
				CLANG_WARN_DIRECT_OBJC_ISA_USAGE = YES_ERROR;
				CLANG_WARN_DOCUMENTATION_COMMENTS = YES;
				CLANG_WARN_EMPTY_BODY = YES;
				CLANG_WARN_ENUM_CONVERSION = YES;
				CLANG_WARN_INFINITE_RECURSION = YES;
				CLANG_WARN_INT_CONVERSION = YES;
				CLANG_WARN_NON_LITERAL_NULL_CONVERSION = YES;
				CLANG_WARN_OBJC_IMPLICIT_RETAIN_SELF = YES;
				CLANG_WARN_OBJC_LITERAL_CONVERSION = YES;
				CLANG_WARN_OBJC_ROOT_CLASS = YES_ERROR;
				CLANG_WARN_QUOTED_INCLUDE_IN_FRAMEWORK_HEADER = YES;
				CLANG_WARN_RANGE_LOOP_ANALYSIS = YES;
				CLANG_WARN_STRICT_PROTOTYPES = YES;
				CLANG_WARN_SUSPICIOUS_MOVE = YES;
				CLANG_WARN_UNGUARDED_AVAILABILITY = YES_AGGRESSIVE;
				CLANG_WARN_UNREACHABLE_CODE = YES;
				CLANG_WARN__DUPLICATE_METHOD_MATCH = YES;
				COPY_PHASE_STRIP = NO;
				DEBUG_INFORMATION_FORMAT = dwarf;
				ENABLE_STRICT_OBJC_MSGSEND = YES;
				ENABLE_TESTABILITY = YES;
				GCC_C_LANGUAGE_STANDARD = gnu11;
				GCC_DYNAMIC_NO_PIC = NO;
				GCC_NO_COMMON_BLOCKS = YES;
				GCC_OPTIMIZATION_LEVEL = 0;
				GCC_PREPROCESSOR_DEFINITIONS = (
					"DEBUG=1",
					"$(inherited)",
				);
				GCC_WARN_64_TO_32_BIT_CONVERSION = YES;
				GCC_WARN_ABOUT_RETURN_TYPE = YES_ERROR;
				GCC_WARN_UNDECLARED_SELECTOR = YES;
				GCC_WARN_UNINITIALIZED_AUTOS = YES_AGGRESSIVE;
				GCC_WARN_UNUSED_FUNCTION = YES;
				GCC_WARN_UNUSED_VARIABLE = YES;
				IPHONEOS_DEPLOYMENT_TARGET = 16.4;
				MTL_ENABLE_DEBUG_INFO = INCLUDE_SOURCE;
				MTL_FAST_MATH = YES;
				ONLY_ACTIVE_ARCH = YES;
				SDKROOT = iphoneos;
				SWIFT_ACTIVE_COMPILATION_CONDITIONS = DEBUG;
				SWIFT_OPTIMIZATION_LEVEL = "-Onone";
			};
			name = Debug;
		};
		1EA6FEEE2A6EB08D00C0DC48 /* Release */ = {
			isa = XCBuildConfiguration;
			buildSettings = {
				ALWAYS_SEARCH_USER_PATHS = NO;
				CLANG_ANALYZER_NONNULL = YES;
				CLANG_ANALYZER_NUMBER_OBJECT_CONVERSION = YES_AGGRESSIVE;
				CLANG_CXX_LANGUAGE_STANDARD = "gnu++20";
				CLANG_ENABLE_MODULES = YES;
				CLANG_ENABLE_OBJC_ARC = YES;
				CLANG_ENABLE_OBJC_WEAK = YES;
				CLANG_WARN_BLOCK_CAPTURE_AUTORELEASING = YES;
				CLANG_WARN_BOOL_CONVERSION = YES;
				CLANG_WARN_COMMA = YES;
				CLANG_WARN_CONSTANT_CONVERSION = YES;
				CLANG_WARN_DEPRECATED_OBJC_IMPLEMENTATIONS = YES;
				CLANG_WARN_DIRECT_OBJC_ISA_USAGE = YES_ERROR;
				CLANG_WARN_DOCUMENTATION_COMMENTS = YES;
				CLANG_WARN_EMPTY_BODY = YES;
				CLANG_WARN_ENUM_CONVERSION = YES;
				CLANG_WARN_INFINITE_RECURSION = YES;
				CLANG_WARN_INT_CONVERSION = YES;
				CLANG_WARN_NON_LITERAL_NULL_CONVERSION = YES;
				CLANG_WARN_OBJC_IMPLICIT_RETAIN_SELF = YES;
				CLANG_WARN_OBJC_LITERAL_CONVERSION = YES;
				CLANG_WARN_OBJC_ROOT_CLASS = YES_ERROR;
				CLANG_WARN_QUOTED_INCLUDE_IN_FRAMEWORK_HEADER = YES;
				CLANG_WARN_RANGE_LOOP_ANALYSIS = YES;
				CLANG_WARN_STRICT_PROTOTYPES = YES;
				CLANG_WARN_SUSPICIOUS_MOVE = YES;
				CLANG_WARN_UNGUARDED_AVAILABILITY = YES_AGGRESSIVE;
				CLANG_WARN_UNREACHABLE_CODE = YES;
				CLANG_WARN__DUPLICATE_METHOD_MATCH = YES;
				COPY_PHASE_STRIP = NO;
				DEBUG_INFORMATION_FORMAT = "dwarf-with-dsym";
				ENABLE_NS_ASSERTIONS = NO;
				ENABLE_STRICT_OBJC_MSGSEND = YES;
				GCC_C_LANGUAGE_STANDARD = gnu11;
				GCC_NO_COMMON_BLOCKS = YES;
				GCC_WARN_64_TO_32_BIT_CONVERSION = YES;
				GCC_WARN_ABOUT_RETURN_TYPE = YES_ERROR;
				GCC_WARN_UNDECLARED_SELECTOR = YES;
				GCC_WARN_UNINITIALIZED_AUTOS = YES_AGGRESSIVE;
				GCC_WARN_UNUSED_FUNCTION = YES;
				GCC_WARN_UNUSED_VARIABLE = YES;
				IPHONEOS_DEPLOYMENT_TARGET = 16.4;
				MTL_ENABLE_DEBUG_INFO = NO;
				MTL_FAST_MATH = YES;
				SDKROOT = iphoneos;
				SWIFT_COMPILATION_MODE = wholemodule;
				SWIFT_OPTIMIZATION_LEVEL = "-O";
				VALIDATE_PRODUCT = YES;
			};
			name = Release;
		};
		1EA6FEF02A6EB08D00C0DC48 /* Debug */ = {
			isa = XCBuildConfiguration;
			buildSettings = {
				ASSETCATALOG_COMPILER_APPICON_NAME = AppIcon;
				ASSETCATALOG_COMPILER_GLOBAL_ACCENT_COLOR_NAME = AccentColor;
				CODE_SIGN_STYLE = Automatic;
				CURRENT_PROJECT_VERSION = 1;
				GENERATE_INFOPLIST_FILE = YES;
				INFOPLIST_FILE = "Joking-iOS/Info.plist";
				INFOPLIST_KEY_UIApplicationSupportsIndirectInputEvents = YES;
				INFOPLIST_KEY_UILaunchStoryboardName = LaunchScreen;
				INFOPLIST_KEY_UIMainStoryboardFile = Main;
				INFOPLIST_KEY_UISupportedInterfaceOrientations_iPad = "UIInterfaceOrientationPortrait UIInterfaceOrientationPortraitUpsideDown UIInterfaceOrientationLandscapeLeft UIInterfaceOrientationLandscapeRight";
				INFOPLIST_KEY_UISupportedInterfaceOrientations_iPhone = "UIInterfaceOrientationPortrait UIInterfaceOrientationLandscapeLeft UIInterfaceOrientationLandscapeRight";
				LD_RUNPATH_SEARCH_PATHS = (
					"$(inherited)",
					"@executable_path/Frameworks",
				);
				MARKETING_VERSION = 1.0;
				PRODUCT_BUNDLE_IDENTIFIER = "com.kimmichel.Joking-iOS";
				PRODUCT_NAME = "$(TARGET_NAME)";
				SWIFT_EMIT_LOC_STRINGS = YES;
				SWIFT_VERSION = 5.0;
				TARGETED_DEVICE_FAMILY = "1,2";
			};
			name = Debug;
		};
		1EA6FEF12A6EB08D00C0DC48 /* Release */ = {
			isa = XCBuildConfiguration;
			buildSettings = {
				ASSETCATALOG_COMPILER_APPICON_NAME = AppIcon;
				ASSETCATALOG_COMPILER_GLOBAL_ACCENT_COLOR_NAME = AccentColor;
				CODE_SIGN_STYLE = Automatic;
				CURRENT_PROJECT_VERSION = 1;
				GENERATE_INFOPLIST_FILE = YES;
				INFOPLIST_FILE = "Joking-iOS/Info.plist";
				INFOPLIST_KEY_UIApplicationSupportsIndirectInputEvents = YES;
				INFOPLIST_KEY_UILaunchStoryboardName = LaunchScreen;
				INFOPLIST_KEY_UIMainStoryboardFile = Main;
				INFOPLIST_KEY_UISupportedInterfaceOrientations_iPad = "UIInterfaceOrientationPortrait UIInterfaceOrientationPortraitUpsideDown UIInterfaceOrientationLandscapeLeft UIInterfaceOrientationLandscapeRight";
				INFOPLIST_KEY_UISupportedInterfaceOrientations_iPhone = "UIInterfaceOrientationPortrait UIInterfaceOrientationLandscapeLeft UIInterfaceOrientationLandscapeRight";
				LD_RUNPATH_SEARCH_PATHS = (
					"$(inherited)",
					"@executable_path/Frameworks",
				);
				MARKETING_VERSION = 1.0;
				PRODUCT_BUNDLE_IDENTIFIER = "com.kimmichel.Joking-iOS";
				PRODUCT_NAME = "$(TARGET_NAME)";
				SWIFT_EMIT_LOC_STRINGS = YES;
				SWIFT_VERSION = 5.0;
				TARGETED_DEVICE_FAMILY = "1,2";
			};
			name = Release;
		};
/* End XCBuildConfiguration section */

/* Begin XCConfigurationList section */
		1EA6FED62A6EB08B00C0DC48 /* Build configuration list for PBXProject "Joking-iOS" */ = {
			isa = XCConfigurationList;
			buildConfigurations = (
				1EA6FEED2A6EB08D00C0DC48 /* Debug */,
				1EA6FEEE2A6EB08D00C0DC48 /* Release */,
			);
			defaultConfigurationIsVisible = 0;
			defaultConfigurationName = Release;
		};
		1EA6FEEF2A6EB08D00C0DC48 /* Build configuration list for PBXNativeTarget "Joking-iOS" */ = {
			isa = XCConfigurationList;
			buildConfigurations = (
				1EA6FEF02A6EB08D00C0DC48 /* Debug */,
				1EA6FEF12A6EB08D00C0DC48 /* Release */,
			);
			defaultConfigurationIsVisible = 0;
			defaultConfigurationName = Release;
		};
/* End XCConfigurationList section */
	};
	rootObject = 1EA6FED32A6EB08B00C0DC48 /* Project object */;
}
